// !$*UTF8*$!
{
	archiveVersion = 1;
	classes = {
	};
	objectVersion = 46;
	objects = {

/* Begin PBXBuildFile section */
		611418DB1657B59300112294 /* new_grocery_store.jpeg in Resources */ = {isa = PBXBuildFile; fileRef = 611418DA1657B59300112294 /* new_grocery_store.jpeg */; };
		611418DE1657B68900112294 /* SWDProductItem.m in Sources */ = {isa = PBXBuildFile; fileRef = 611418DD1657B68900112294 /* SWDProductItem.m */; };
		614005171648FC920035A21D /* UIKit.framework in Frameworks */ = {isa = PBXBuildFile; fileRef = 614005161648FC920035A21D /* UIKit.framework */; };
		614005191648FC920035A21D /* Foundation.framework in Frameworks */ = {isa = PBXBuildFile; fileRef = 614005181648FC920035A21D /* Foundation.framework */; };
		6140051B1648FC920035A21D /* CoreGraphics.framework in Frameworks */ = {isa = PBXBuildFile; fileRef = 6140051A1648FC920035A21D /* CoreGraphics.framework */; };
		614005211648FC920035A21D /* InfoPlist.strings in Resources */ = {isa = PBXBuildFile; fileRef = 6140051F1648FC920035A21D /* InfoPlist.strings */; };
		614005231648FC920035A21D /* main.m in Sources */ = {isa = PBXBuildFile; fileRef = 614005221648FC920035A21D /* main.m */; };
		614005271648FC920035A21D /* SWDAppDelegate.m in Sources */ = {isa = PBXBuildFile; fileRef = 614005261648FC920035A21D /* SWDAppDelegate.m */; };
		614005291648FC920035A21D /* Default.png in Resources */ = {isa = PBXBuildFile; fileRef = 614005281648FC920035A21D /* Default.png */; };
		6140052B1648FC920035A21D /* Default@2x.png in Resources */ = {isa = PBXBuildFile; fileRef = 6140052A1648FC920035A21D /* Default@2x.png */; };
		6140052D1648FC920035A21D /* Default-568h@2x.png in Resources */ = {isa = PBXBuildFile; fileRef = 6140052C1648FC920035A21D /* Default-568h@2x.png */; };
		614005301648FC920035A21D /* MainStoryboard.storyboard in Resources */ = {isa = PBXBuildFile; fileRef = 6140052E1648FC920035A21D /* MainStoryboard.storyboard */; };
		614005331648FC920035A21D /* SWDMasterViewController.m in Sources */ = {isa = PBXBuildFile; fileRef = 614005321648FC920035A21D /* SWDMasterViewController.m */; };
		6140053C1648FCB50035A21D /* Citymarketin_Logo.png in Resources */ = {isa = PBXBuildFile; fileRef = 6140053A1648FCB50035A21D /* Citymarketin_Logo.png */; };
		61400542164908430035A21D /* SWDShoppingListController.m in Sources */ = {isa = PBXBuildFile; fileRef = 61400541164908420035A21D /* SWDShoppingListController.m */; };
		6140055716490DBA0035A21D /* SWDProductSearchController.m in Sources */ = {isa = PBXBuildFile; fileRef = 6140055616490DBA0035A21D /* SWDProductSearchController.m */; };
		6140056A16491C620035A21D /* SWDProductViewController.m in Sources */ = {isa = PBXBuildFile; fileRef = 6140056916491C620035A21D /* SWDProductViewController.m */; };
		6140057016491F030035A21D /* SWDShoppingListProductsController.m in Sources */ = {isa = PBXBuildFile; fileRef = 6140056F16491F020035A21D /* SWDShoppingListProductsController.m */; };
		61400572164935C40035A21D /* city_loytoja.png in Resources */ = {isa = PBXBuildFile; fileRef = 61400571164935C40035A21D /* city_loytoja.png */; };
		61400574164938210035A21D /* citymarket_logo.png in Resources */ = {isa = PBXBuildFile; fileRef = 61400573164938210035A21D /* citymarket_logo.png */; };
		614005761649444D0035A21D /* btn_background.png in Resources */ = {isa = PBXBuildFile; fileRef = 614005751649444D0035A21D /* btn_background.png */; };
		6140057816494B9F0035A21D /* grocery_store.jpeg in Resources */ = {isa = PBXBuildFile; fileRef = 6140057716494B9F0035A21D /* grocery_store.jpeg */; };
		6140057E16494D350035A21D /* SWDShoppingListMapController.m in Sources */ = {isa = PBXBuildFile; fileRef = 6140057D16494D350035A21D /* SWDShoppingListMapController.m */; };
		61882D1A1658F24800D77E9E /* SWDProductDataController.m in Sources */ = {isa = PBXBuildFile; fileRef = 61882D191658F24800D77E9E /* SWDProductDataController.m */; };
		61882D1F165902CC00D77E9E /* katalogi.csv in Resources */ = {isa = PBXBuildFile; fileRef = 61882D1E165902CC00D77E9E /* katalogi.csv */; };
		61882D2B1659183400D77E9E /* SWDAdsDataController.m in Sources */ = {isa = PBXBuildFile; fileRef = 61882D2A1659183400D77E9E /* SWDAdsDataController.m */; };
		61882D2D16592A9000D77E9E /* product_pin.png in Resources */ = {isa = PBXBuildFile; fileRef = 61882D2C16592A9000D77E9E /* product_pin.png */; };
		61882D351659391E00D77E9E /* SWDShoppingList.m in Sources */ = {isa = PBXBuildFile; fileRef = 61882D341659391E00D77E9E /* SWDShoppingList.m */; };
		618DC65A1649888400D68861 /* locate-icon.png in Resources */ = {isa = PBXBuildFile; fileRef = 618DC6591649888400D68861 /* locate-icon.png */; };
		618DC65C16498B3200D68861 /* locate-me.png in Resources */ = {isa = PBXBuildFile; fileRef = 618DC65B16498B3200D68861 /* locate-me.png */; };
		618DC65E16498BE500D68861 /* locate.png in Resources */ = {isa = PBXBuildFile; fileRef = 618DC65D16498BE500D68861 /* locate.png */; };
		618DC66416498D9600D68861 /* SWDShoppingListTabBarController.m in Sources */ = {isa = PBXBuildFile; fileRef = 618DC66316498D9600D68861 /* SWDShoppingListTabBarController.m */; };
		61A24A3C16598F6500DF0754 /* mainos_carlsberg.png in Resources */ = {isa = PBXBuildFile; fileRef = 61A24A3716598F6500DF0754 /* mainos_carlsberg.png */; };
		61A24A3D16598F6500DF0754 /* mainos_karjalanpaisti.png in Resources */ = {isa = PBXBuildFile; fileRef = 61A24A3816598F6500DF0754 /* mainos_karjalanpaisti.png */; };
		61A24A3E16598F6500DF0754 /* Mainos_klementiini.png in Resources */ = {isa = PBXBuildFile; fileRef = 61A24A3916598F6500DF0754 /* Mainos_klementiini.png */; };
		61A24A3F16598F6500DF0754 /* mainos_pikkuprinssi.png in Resources */ = {isa = PBXBuildFile; fileRef = 61A24A3A16598F6500DF0754 /* mainos_pikkuprinssi.png */; };
		61A24A4016598F6500DF0754 /* mainos_vihrkuulat.png in Resources */ = {isa = PBXBuildFile; fileRef = 61A24A3B16598F6500DF0754 /* mainos_vihrkuulat.png */; };
		61A24A421659929D00DF0754 /* mainokset.csv in Resources */ = {isa = PBXBuildFile; fileRef = 61A24A411659929D00DF0754 /* mainokset.csv */; };
		61DE915C164EA7A90099FCD7 /* SWDShoppingListDataController.m in Sources */ = {isa = PBXBuildFile; fileRef = 61DE915B164EA7A90099FCD7 /* SWDShoppingListDataController.m */; };
		703D65B2CDA44F02BF01BFCD /* libPods.a in Frameworks */ = {isa = PBXBuildFile; fileRef = AE891A4162D442ACBD374453 /* libPods.a */; };
		FF65FBF616591E3C00DA0928 /* SWDShoppingList.m in Sources */ = {isa = PBXBuildFile; fileRef = FFD9CB5816590887008A4F44 /* SWDShoppingList.m */; };
		FF8C5E83165959A8000B5F59 /* SWDProductPickerController.m in Sources */ = {isa = PBXBuildFile; fileRef = FF8C5E82165959A8000B5F59 /* SWDProductPickerController.m */; };
/* End PBXBuildFile section */

/* Begin PBXFileReference section */
		03F731AF34EA45B0B57396CC /* Pods.xcconfig */ = {isa = PBXFileReference; includeInIndex = 1; lastKnownFileType = text.xcconfig; name = Pods.xcconfig; path = Pods/Pods.xcconfig; sourceTree = SOURCE_ROOT; };
		611418D71657B4D100112294 /* kinkkumainos.png */ = {isa = PBXFileReference; lastKnownFileType = image.png; path = kinkkumainos.png; sourceTree = "<group>"; };
		611418DA1657B59300112294 /* new_grocery_store.jpeg */ = {isa = PBXFileReference; lastKnownFileType = image.jpeg; path = new_grocery_store.jpeg; sourceTree = "<group>"; };
		611418DC1657B68900112294 /* SWDProductItem.h */ = {isa = PBXFileReference; fileEncoding = 4; lastKnownFileType = sourcecode.c.h; path = SWDProductItem.h; sourceTree = "<group>"; };
		611418DD1657B68900112294 /* SWDProductItem.m */ = {isa = PBXFileReference; fileEncoding = 4; lastKnownFileType = sourcecode.c.objc; path = SWDProductItem.m; sourceTree = "<group>"; };
		614005121648FC920035A21D /* StoreWizDemo.app */ = {isa = PBXFileReference; explicitFileType = wrapper.application; includeInIndex = 0; path = StoreWizDemo.app; sourceTree = BUILT_PRODUCTS_DIR; };
		614005161648FC920035A21D /* UIKit.framework */ = {isa = PBXFileReference; includeInIndex = 1; lastKnownFileType = wrapper.framework; name = UIKit.framework; path = System/Library/Frameworks/UIKit.framework; sourceTree = SDKROOT; };
		614005181648FC920035A21D /* Foundation.framework */ = {isa = PBXFileReference; includeInIndex = 1; lastKnownFileType = wrapper.framework; name = Foundation.framework; path = System/Library/Frameworks/Foundation.framework; sourceTree = SDKROOT; };
		6140051A1648FC920035A21D /* CoreGraphics.framework */ = {isa = PBXFileReference; includeInIndex = 1; lastKnownFileType = wrapper.framework; name = CoreGraphics.framework; path = System/Library/Frameworks/CoreGraphics.framework; sourceTree = SDKROOT; };
		6140051E1648FC920035A21D /* StoreWizDemo-Info.plist */ = {isa = PBXFileReference; lastKnownFileType = text.plist.xml; path = "StoreWizDemo-Info.plist"; sourceTree = "<group>"; };
		614005201648FC920035A21D /* en */ = {isa = PBXFileReference; lastKnownFileType = text.plist.strings; name = en; path = en.lproj/InfoPlist.strings; sourceTree = "<group>"; };
		614005221648FC920035A21D /* main.m */ = {isa = PBXFileReference; lastKnownFileType = sourcecode.c.objc; path = main.m; sourceTree = "<group>"; };
		614005241648FC920035A21D /* StoreWizDemo-Prefix.pch */ = {isa = PBXFileReference; lastKnownFileType = sourcecode.c.h; path = "StoreWizDemo-Prefix.pch"; sourceTree = "<group>"; };
		614005251648FC920035A21D /* SWDAppDelegate.h */ = {isa = PBXFileReference; lastKnownFileType = sourcecode.c.h; path = SWDAppDelegate.h; sourceTree = "<group>"; };
		614005261648FC920035A21D /* SWDAppDelegate.m */ = {isa = PBXFileReference; lastKnownFileType = sourcecode.c.objc; path = SWDAppDelegate.m; sourceTree = "<group>"; };
		614005281648FC920035A21D /* Default.png */ = {isa = PBXFileReference; lastKnownFileType = image.png; path = Default.png; sourceTree = "<group>"; };
		6140052A1648FC920035A21D /* Default@2x.png */ = {isa = PBXFileReference; lastKnownFileType = image.png; path = "Default@2x.png"; sourceTree = "<group>"; };
		6140052C1648FC920035A21D /* Default-568h@2x.png */ = {isa = PBXFileReference; lastKnownFileType = image.png; path = "Default-568h@2x.png"; sourceTree = "<group>"; };
		6140052F1648FC920035A21D /* en */ = {isa = PBXFileReference; lastKnownFileType = file.storyboard; name = en; path = en.lproj/MainStoryboard.storyboard; sourceTree = "<group>"; };
		614005311648FC920035A21D /* SWDMasterViewController.h */ = {isa = PBXFileReference; lastKnownFileType = sourcecode.c.h; path = SWDMasterViewController.h; sourceTree = "<group>"; };
		614005321648FC920035A21D /* SWDMasterViewController.m */ = {isa = PBXFileReference; lastKnownFileType = sourcecode.c.objc; path = SWDMasterViewController.m; sourceTree = "<group>"; };
		6140053A1648FCB50035A21D /* Citymarketin_Logo.png */ = {isa = PBXFileReference; lastKnownFileType = image.png; path = Citymarketin_Logo.png; sourceTree = "<group>"; };
		61400540164908420035A21D /* SWDShoppingListController.h */ = {isa = PBXFileReference; fileEncoding = 4; lastKnownFileType = sourcecode.c.h; path = SWDShoppingListController.h; sourceTree = "<group>"; };
		61400541164908420035A21D /* SWDShoppingListController.m */ = {isa = PBXFileReference; fileEncoding = 4; lastKnownFileType = sourcecode.c.objc; path = SWDShoppingListController.m; sourceTree = "<group>"; };
		6140055516490DBA0035A21D /* SWDProductSearchController.h */ = {isa = PBXFileReference; fileEncoding = 4; lastKnownFileType = sourcecode.c.h; path = SWDProductSearchController.h; sourceTree = "<group>"; };
		6140055616490DBA0035A21D /* SWDProductSearchController.m */ = {isa = PBXFileReference; fileEncoding = 4; lastKnownFileType = sourcecode.c.objc; path = SWDProductSearchController.m; sourceTree = "<group>"; };
		6140056816491C620035A21D /* SWDProductViewController.h */ = {isa = PBXFileReference; fileEncoding = 4; lastKnownFileType = sourcecode.c.h; path = SWDProductViewController.h; sourceTree = "<group>"; };
		6140056916491C620035A21D /* SWDProductViewController.m */ = {isa = PBXFileReference; fileEncoding = 4; lastKnownFileType = sourcecode.c.objc; path = SWDProductViewController.m; sourceTree = "<group>"; };
		6140056E16491F020035A21D /* SWDShoppingListProductsController.h */ = {isa = PBXFileReference; fileEncoding = 4; lastKnownFileType = sourcecode.c.h; path = SWDShoppingListProductsController.h; sourceTree = "<group>"; };
		6140056F16491F020035A21D /* SWDShoppingListProductsController.m */ = {isa = PBXFileReference; fileEncoding = 4; lastKnownFileType = sourcecode.c.objc; path = SWDShoppingListProductsController.m; sourceTree = "<group>"; };
		61400571164935C40035A21D /* city_loytoja.png */ = {isa = PBXFileReference; lastKnownFileType = image.png; path = city_loytoja.png; sourceTree = "<group>"; };
		61400573164938210035A21D /* citymarket_logo.png */ = {isa = PBXFileReference; lastKnownFileType = image.png; path = citymarket_logo.png; sourceTree = "<group>"; };
		614005751649444D0035A21D /* btn_background.png */ = {isa = PBXFileReference; lastKnownFileType = image.png; path = btn_background.png; sourceTree = "<group>"; };
		6140057716494B9F0035A21D /* grocery_store.jpeg */ = {isa = PBXFileReference; lastKnownFileType = image.jpeg; path = grocery_store.jpeg; sourceTree = "<group>"; };
		6140057C16494D350035A21D /* SWDShoppingListMapController.h */ = {isa = PBXFileReference; fileEncoding = 4; lastKnownFileType = sourcecode.c.h; path = SWDShoppingListMapController.h; sourceTree = "<group>"; };
		6140057D16494D350035A21D /* SWDShoppingListMapController.m */ = {isa = PBXFileReference; fileEncoding = 4; lastKnownFileType = sourcecode.c.objc; path = SWDShoppingListMapController.m; sourceTree = "<group>"; };
		61882D181658F24800D77E9E /* SWDProductDataController.h */ = {isa = PBXFileReference; fileEncoding = 4; lastKnownFileType = sourcecode.c.h; path = SWDProductDataController.h; sourceTree = "<group>"; };
		61882D191658F24800D77E9E /* SWDProductDataController.m */ = {isa = PBXFileReference; fileEncoding = 4; lastKnownFileType = sourcecode.c.objc; path = SWDProductDataController.m; sourceTree = "<group>"; };
		61882D1E165902CC00D77E9E /* katalogi.csv */ = {isa = PBXFileReference; fileEncoding = 4; lastKnownFileType = text; path = katalogi.csv; sourceTree = "<group>"; };
		61882D291659183300D77E9E /* SWDAdsDataController.h */ = {isa = PBXFileReference; fileEncoding = 4; lastKnownFileType = sourcecode.c.h; path = SWDAdsDataController.h; sourceTree = "<group>"; };
		61882D2A1659183400D77E9E /* SWDAdsDataController.m */ = {isa = PBXFileReference; fileEncoding = 4; lastKnownFileType = sourcecode.c.objc; path = SWDAdsDataController.m; sourceTree = "<group>"; };
		61882D2C16592A9000D77E9E /* product_pin.png */ = {isa = PBXFileReference; lastKnownFileType = image.png; path = product_pin.png; sourceTree = "<group>"; };
		61882D331659391E00D77E9E /* SWDShoppingList.h */ = {isa = PBXFileReference; fileEncoding = 4; lastKnownFileType = sourcecode.c.h; path = SWDShoppingList.h; sourceTree = "<group>"; };
		61882D341659391E00D77E9E /* SWDShoppingList.m */ = {isa = PBXFileReference; fileEncoding = 4; lastKnownFileType = sourcecode.c.objc; path = SWDShoppingList.m; sourceTree = "<group>"; };
		618DC6591649888400D68861 /* locate-icon.png */ = {isa = PBXFileReference; lastKnownFileType = image.png; path = "locate-icon.png"; sourceTree = "<group>"; };
		618DC65B16498B3200D68861 /* locate-me.png */ = {isa = PBXFileReference; lastKnownFileType = image.png; path = "locate-me.png"; sourceTree = "<group>"; };
		618DC65D16498BE500D68861 /* locate.png */ = {isa = PBXFileReference; lastKnownFileType = image.png; path = locate.png; sourceTree = "<group>"; };
		618DC66216498D9600D68861 /* SWDShoppingListTabBarController.h */ = {isa = PBXFileReference; fileEncoding = 4; lastKnownFileType = sourcecode.c.h; path = SWDShoppingListTabBarController.h; sourceTree = "<group>"; };
		618DC66316498D9600D68861 /* SWDShoppingListTabBarController.m */ = {isa = PBXFileReference; fileEncoding = 4; lastKnownFileType = sourcecode.c.objc; path = SWDShoppingListTabBarController.m; sourceTree = "<group>"; };
		61A24A3716598F6500DF0754 /* mainos_carlsberg.png */ = {isa = PBXFileReference; lastKnownFileType = image.png; path = mainos_carlsberg.png; sourceTree = "<group>"; };
		61A24A3816598F6500DF0754 /* mainos_karjalanpaisti.png */ = {isa = PBXFileReference; lastKnownFileType = image.png; path = mainos_karjalanpaisti.png; sourceTree = "<group>"; };
		61A24A3916598F6500DF0754 /* Mainos_klementiini.png */ = {isa = PBXFileReference; lastKnownFileType = image.png; path = Mainos_klementiini.png; sourceTree = "<group>"; };
		61A24A3A16598F6500DF0754 /* mainos_pikkuprinssi.png */ = {isa = PBXFileReference; lastKnownFileType = image.png; path = mainos_pikkuprinssi.png; sourceTree = "<group>"; };
		61A24A3B16598F6500DF0754 /* mainos_vihrkuulat.png */ = {isa = PBXFileReference; lastKnownFileType = image.png; path = mainos_vihrkuulat.png; sourceTree = "<group>"; };
		61A24A411659929D00DF0754 /* mainokset.csv */ = {isa = PBXFileReference; fileEncoding = 4; lastKnownFileType = text; path = mainokset.csv; sourceTree = "<group>"; };
		61DE915A164EA7A90099FCD7 /* SWDShoppingListDataController.h */ = {isa = PBXFileReference; fileEncoding = 4; lastKnownFileType = sourcecode.c.h; path = SWDShoppingListDataController.h; sourceTree = "<group>"; };
		61DE915B164EA7A90099FCD7 /* SWDShoppingListDataController.m */ = {isa = PBXFileReference; fileEncoding = 4; lastKnownFileType = sourcecode.c.objc; path = SWDShoppingListDataController.m; sourceTree = "<group>"; };
		AE891A4162D442ACBD374453 /* libPods.a */ = {isa = PBXFileReference; explicitFileType = archive.ar; includeInIndex = 0; path = libPods.a; sourceTree = BUILT_PRODUCTS_DIR; };
		FF8C5E81165959A8000B5F59 /* SWDProductPickerController.h */ = {isa = PBXFileReference; fileEncoding = 4; lastKnownFileType = sourcecode.c.h; path = SWDProductPickerController.h; sourceTree = "<group>"; };
		FF8C5E82165959A8000B5F59 /* SWDProductPickerController.m */ = {isa = PBXFileReference; fileEncoding = 4; lastKnownFileType = sourcecode.c.objc; path = SWDProductPickerController.m; sourceTree = "<group>"; };
		FFD9CB5716590887008A4F44 /* SWDShoppingList.h */ = {isa = PBXFileReference; fileEncoding = 4; lastKnownFileType = sourcecode.c.h; path = SWDShoppingList.h; sourceTree = "<group>"; };
		FFD9CB5816590887008A4F44 /* SWDShoppingList.m */ = {isa = PBXFileReference; fileEncoding = 4; lastKnownFileType = sourcecode.c.objc; path = SWDShoppingList.m; sourceTree = "<group>"; };
/* End PBXFileReference section */

/* Begin PBXFrameworksBuildPhase section */
		6140050F1648FC910035A21D /* Frameworks */ = {
			isa = PBXFrameworksBuildPhase;
			buildActionMask = 2147483647;
			files = (
				614005171648FC920035A21D /* UIKit.framework in Frameworks */,
				614005191648FC920035A21D /* Foundation.framework in Frameworks */,
				6140051B1648FC920035A21D /* CoreGraphics.framework in Frameworks */,
				703D65B2CDA44F02BF01BFCD /* libPods.a in Frameworks */,
			);
			runOnlyForDeploymentPostprocessing = 0;
		};
/* End PBXFrameworksBuildPhase section */

/* Begin PBXGroup section */
		614005071648FC910035A21D = {
			isa = PBXGroup;
			children = (
				6140051C1648FC920035A21D /* StoreWizDemo */,
				614005151648FC920035A21D /* Frameworks */,
				614005131648FC920035A21D /* Products */,
				03F731AF34EA45B0B57396CC /* Pods.xcconfig */,
			);
			sourceTree = "<group>";
		};
		614005131648FC920035A21D /* Products */ = {
			isa = PBXGroup;
			children = (
				614005121648FC920035A21D /* StoreWizDemo.app */,
			);
			name = Products;
			sourceTree = "<group>";
		};
		614005151648FC920035A21D /* Frameworks */ = {
			isa = PBXGroup;
			children = (
				614005161648FC920035A21D /* UIKit.framework */,
				614005181648FC920035A21D /* Foundation.framework */,
				6140051A1648FC920035A21D /* CoreGraphics.framework */,
				AE891A4162D442ACBD374453 /* libPods.a */,
			);
			name = Frameworks;
			sourceTree = "<group>";
		};
		6140051C1648FC920035A21D /* StoreWizDemo */ = {
			isa = PBXGroup;
			children = (
				6140052E1648FC920035A21D /* MainStoryboard.storyboard */,
				611418DD1657B68900112294 /* SWDProductItem.m */,
				61882D331659391E00D77E9E /* SWDShoppingList.h */,
				61882D341659391E00D77E9E /* SWDShoppingList.m */,
				61882D291659183300D77E9E /* SWDAdsDataController.h */,
				61882D2A1659183400D77E9E /* SWDAdsDataController.m */,
				61882D181658F24800D77E9E /* SWDProductDataController.h */,
				61882D191658F24800D77E9E /* SWDProductDataController.m */,
				61DE915A164EA7A90099FCD7 /* SWDShoppingListDataController.h */,
				61DE915B164EA7A90099FCD7 /* SWDShoppingListDataController.m */,
				614005311648FC920035A21D /* SWDMasterViewController.h */,
				614005321648FC920035A21D /* SWDMasterViewController.m */,
				6140055516490DBA0035A21D /* SWDProductSearchController.h */,
				6140055616490DBA0035A21D /* SWDProductSearchController.m */,
				6140056816491C620035A21D /* SWDProductViewController.h */,
				6140056916491C620035A21D /* SWDProductViewController.m */,
				61400540164908420035A21D /* SWDShoppingListController.h */,
				61400541164908420035A21D /* SWDShoppingListController.m */,
				618DC66216498D9600D68861 /* SWDShoppingListTabBarController.h */,
				618DC66316498D9600D68861 /* SWDShoppingListTabBarController.m */,
				6140056E16491F020035A21D /* SWDShoppingListProductsController.h */,
				6140056F16491F020035A21D /* SWDShoppingListProductsController.m */,
				6140057C16494D350035A21D /* SWDShoppingListMapController.h */,
				6140057D16494D350035A21D /* SWDShoppingListMapController.m */,
				6140051D1648FC920035A21D /* Supporting Files */,
				FFD9CB5716590887008A4F44 /* SWDShoppingList.h */,
				FFD9CB5816590887008A4F44 /* SWDShoppingList.m */,
				FF8C5E81165959A8000B5F59 /* SWDProductPickerController.h */,
				FF8C5E82165959A8000B5F59 /* SWDProductPickerController.m */,
			);
			path = StoreWizDemo;
			sourceTree = "<group>";
		};
		6140051D1648FC920035A21D /* Supporting Files */ = {
			isa = PBXGroup;
			children = (
				61A24A3716598F6500DF0754 /* mainos_carlsberg.png */,
				61A24A3816598F6500DF0754 /* mainos_karjalanpaisti.png */,
				61A24A3916598F6500DF0754 /* Mainos_klementiini.png */,
				61A24A3A16598F6500DF0754 /* mainos_pikkuprinssi.png */,
				61A24A3B16598F6500DF0754 /* mainos_vihrkuulat.png */,
				614005751649444D0035A21D /* btn_background.png */,
				61400571164935C40035A21D /* city_loytoja.png */,
				61400573164938210035A21D /* citymarket_logo.png */,
				6140053A1648FCB50035A21D /* Citymarketin_Logo.png */,
				6140052C1648FC920035A21D /* Default-568h@2x.png */,
				614005281648FC920035A21D /* Default.png */,
				6140052A1648FC920035A21D /* Default@2x.png */,
				6140057716494B9F0035A21D /* grocery_store.jpeg */,
				6140051F1648FC920035A21D /* InfoPlist.strings */,
				61882D1E165902CC00D77E9E /* katalogi.csv */,
				61A24A411659929D00DF0754 /* mainokset.csv */,
				618DC6591649888400D68861 /* locate-icon.png */,
				618DC65B16498B3200D68861 /* locate-me.png */,
				618DC65D16498BE500D68861 /* locate.png */,
				614005221648FC920035A21D /* main.m */,
				611418DA1657B59300112294 /* new_grocery_store.jpeg */,
				61882D2C16592A9000D77E9E /* product_pin.png */,
				6140051E1648FC920035A21D /* StoreWizDemo-Info.plist */,
				614005241648FC920035A21D /* StoreWizDemo-Prefix.pch */,
				614005251648FC920035A21D /* SWDAppDelegate.h */,
				614005261648FC920035A21D /* SWDAppDelegate.m */,
				611418DC1657B68900112294 /* SWDProductItem.h */,
			);
			name = "Supporting Files";
			sourceTree = "<group>";
		};
/* End PBXGroup section */

/* Begin PBXNativeTarget section */
		614005111648FC910035A21D /* StoreWizDemo */ = {
			isa = PBXNativeTarget;
			buildConfigurationList = 614005361648FC920035A21D /* Build configuration list for PBXNativeTarget "StoreWizDemo" */;
			buildPhases = (
				6140050E1648FC910035A21D /* Sources */,
				6140050F1648FC910035A21D /* Frameworks */,
				614005101648FC910035A21D /* Resources */,
				415CAA4A04DD46808A87E9D5 /* Copy Pods Resources */,
			);
			buildRules = (
			);
			dependencies = (
			);
			name = StoreWizDemo;
			productName = StoreWizDemo;
			productReference = 614005121648FC920035A21D /* StoreWizDemo.app */;
			productType = "com.apple.product-type.application";
		};
/* End PBXNativeTarget section */

/* Begin PBXProject section */
		614005091648FC910035A21D /* Project object */ = {
			isa = PBXProject;
			attributes = {
				CLASSPREFIX = SWD;
				LastUpgradeCheck = 0450;
				ORGANIZATIONNAME = "Ilari Kontinen";
			};
			buildConfigurationList = 6140050C1648FC910035A21D /* Build configuration list for PBXProject "StoreWizDemo" */;
			compatibilityVersion = "Xcode 3.2";
			developmentRegion = English;
			hasScannedForEncodings = 0;
			knownRegions = (
				en,
			);
			mainGroup = 614005071648FC910035A21D;
			productRefGroup = 614005131648FC920035A21D /* Products */;
			projectDirPath = "";
			projectRoot = "";
			targets = (
				614005111648FC910035A21D /* StoreWizDemo */,
			);
		};
/* End PBXProject section */

/* Begin PBXResourcesBuildPhase section */
		614005101648FC910035A21D /* Resources */ = {
			isa = PBXResourcesBuildPhase;
			buildActionMask = 2147483647;
			files = (
				614005211648FC920035A21D /* InfoPlist.strings in Resources */,
				614005291648FC920035A21D /* Default.png in Resources */,
				6140052B1648FC920035A21D /* Default@2x.png in Resources */,
				6140052D1648FC920035A21D /* Default-568h@2x.png in Resources */,
				614005301648FC920035A21D /* MainStoryboard.storyboard in Resources */,
				6140053C1648FCB50035A21D /* Citymarketin_Logo.png in Resources */,
				61400572164935C40035A21D /* city_loytoja.png in Resources */,
				61400574164938210035A21D /* citymarket_logo.png in Resources */,
				614005761649444D0035A21D /* btn_background.png in Resources */,
				6140057816494B9F0035A21D /* grocery_store.jpeg in Resources */,
				618DC65A1649888400D68861 /* locate-icon.png in Resources */,
				618DC65C16498B3200D68861 /* locate-me.png in Resources */,
				618DC65E16498BE500D68861 /* locate.png in Resources */,
				611418DB1657B59300112294 /* new_grocery_store.jpeg in Resources */,
				61882D1F165902CC00D77E9E /* katalogi.csv in Resources */,
				61882D2D16592A9000D77E9E /* product_pin.png in Resources */,
				61A24A3C16598F6500DF0754 /* mainos_carlsberg.png in Resources */,
				61A24A3D16598F6500DF0754 /* mainos_karjalanpaisti.png in Resources */,
				61A24A3E16598F6500DF0754 /* Mainos_klementiini.png in Resources */,
				61A24A3F16598F6500DF0754 /* mainos_pikkuprinssi.png in Resources */,
				61A24A4016598F6500DF0754 /* mainos_vihrkuulat.png in Resources */,
				61A24A421659929D00DF0754 /* mainokset.csv in Resources */,
			);
			runOnlyForDeploymentPostprocessing = 0;
		};
/* End PBXResourcesBuildPhase section */

/* Begin PBXShellScriptBuildPhase section */
		415CAA4A04DD46808A87E9D5 /* Copy Pods Resources */ = {
			isa = PBXShellScriptBuildPhase;
			buildActionMask = 2147483647;
			files = (
			);
			inputPaths = (
			);
			name = "Copy Pods Resources";
			outputPaths = (
			);
			runOnlyForDeploymentPostprocessing = 0;
			shellPath = /bin/sh;
			shellScript = "\"${SRCROOT}/Pods/Pods-resources.sh\"\n";
		};
/* End PBXShellScriptBuildPhase section */

/* Begin PBXSourcesBuildPhase section */
		6140050E1648FC910035A21D /* Sources */ = {
			isa = PBXSourcesBuildPhase;
			buildActionMask = 2147483647;
			files = (
				614005231648FC920035A21D /* main.m in Sources */,
				614005271648FC920035A21D /* SWDAppDelegate.m in Sources */,
				614005331648FC920035A21D /* SWDMasterViewController.m in Sources */,
				61400542164908430035A21D /* SWDShoppingListController.m in Sources */,
				6140055716490DBA0035A21D /* SWDProductSearchController.m in Sources */,
				6140056A16491C620035A21D /* SWDProductViewController.m in Sources */,
				6140057016491F030035A21D /* SWDShoppingListProductsController.m in Sources */,
				6140057E16494D350035A21D /* SWDShoppingListMapController.m in Sources */,
				618DC66416498D9600D68861 /* SWDShoppingListTabBarController.m in Sources */,
				61DE915C164EA7A90099FCD7 /* SWDShoppingListDataController.m in Sources */,
				611418DE1657B68900112294 /* SWDProductItem.m in Sources */,
				61882D1A1658F24800D77E9E /* SWDProductDataController.m in Sources */,
				FF8C5E83165959A8000B5F59 /* SWDProductPickerController.m in Sources */,
				61882D2B1659183400D77E9E /* SWDAdsDataController.m in Sources */,
				61882D351659391E00D77E9E /* SWDShoppingList.m in Sources */,
			);
			runOnlyForDeploymentPostprocessing = 0;
		};
/* End PBXSourcesBuildPhase section */

/* Begin PBXVariantGroup section */
		6140051F1648FC920035A21D /* InfoPlist.strings */ = {
			isa = PBXVariantGroup;
			children = (
				614005201648FC920035A21D /* en */,
			);
			name = InfoPlist.strings;
			sourceTree = "<group>";
		};
		6140052E1648FC920035A21D /* MainStoryboard.storyboard */ = {
			isa = PBXVariantGroup;
			children = (
				6140052F1648FC920035A21D /* en */,
			);
			name = MainStoryboard.storyboard;
			sourceTree = "<group>";
		};
/* End PBXVariantGroup section */

/* Begin XCBuildConfiguration section */
		614005341648FC920035A21D /* Debug */ = {
			isa = XCBuildConfiguration;
			buildSettings = {
				ALWAYS_SEARCH_USER_PATHS = NO;
				CLANG_CXX_LANGUAGE_STANDARD = "gnu++0x";
				CLANG_CXX_LIBRARY = "libc++";
				CLANG_ENABLE_OBJC_ARC = YES;
				CLANG_WARN_EMPTY_BODY = YES;
				CLANG_WARN__DUPLICATE_METHOD_MATCH = YES;
				"CODE_SIGN_IDENTITY[sdk=iphoneos*]" = "iPhone Developer";
				COPY_PHASE_STRIP = NO;
				GCC_C_LANGUAGE_STANDARD = gnu99;
				GCC_DYNAMIC_NO_PIC = NO;
				GCC_OPTIMIZATION_LEVEL = 0;
				GCC_PREPROCESSOR_DEFINITIONS = (
					"DEBUG=1",
					"$(inherited)",
				);
				GCC_SYMBOLS_PRIVATE_EXTERN = NO;
				GCC_WARN_ABOUT_RETURN_TYPE = YES;
				GCC_WARN_UNINITIALIZED_AUTOS = YES;
				GCC_WARN_UNUSED_VARIABLE = YES;
				IPHONEOS_DEPLOYMENT_TARGET = 6.0;
				ONLY_ACTIVE_ARCH = YES;
				SDKROOT = iphoneos;
			};
			name = Debug;
		};
		614005351648FC920035A21D /* Release */ = {
			isa = XCBuildConfiguration;
			buildSettings = {
				ALWAYS_SEARCH_USER_PATHS = NO;
				CLANG_CXX_LANGUAGE_STANDARD = "gnu++0x";
				CLANG_CXX_LIBRARY = "libc++";
				CLANG_ENABLE_OBJC_ARC = YES;
				CLANG_WARN_EMPTY_BODY = YES;
				CLANG_WARN__DUPLICATE_METHOD_MATCH = YES;
				"CODE_SIGN_IDENTITY[sdk=iphoneos*]" = "iPhone Developer";
				COPY_PHASE_STRIP = YES;
				GCC_C_LANGUAGE_STANDARD = gnu99;
				GCC_WARN_ABOUT_RETURN_TYPE = YES;
				GCC_WARN_UNINITIALIZED_AUTOS = YES;
				GCC_WARN_UNUSED_VARIABLE = YES;
				IPHONEOS_DEPLOYMENT_TARGET = 6.0;
				OTHER_CFLAGS = "-DNS_BLOCK_ASSERTIONS=1";
				SDKROOT = iphoneos;
				VALIDATE_PRODUCT = YES;
			};
			name = Release;
		};
		614005371648FC920035A21D /* Debug */ = {
			isa = XCBuildConfiguration;
			baseConfigurationReference = 03F731AF34EA45B0B57396CC /* Pods.xcconfig */;
			buildSettings = {
				GCC_PRECOMPILE_PREFIX_HEADER = YES;
				GCC_PREFIX_HEADER = "StoreWizDemo/StoreWizDemo-Prefix.pch";
				INFOPLIST_FILE = "StoreWizDemo/StoreWizDemo-Info.plist";
				PRODUCT_NAME = "$(TARGET_NAME)";
				WRAPPER_EXTENSION = app;
			};
			name = Debug;
		};
		614005381648FC920035A21D /* Release */ = {
			isa = XCBuildConfiguration;
			baseConfigurationReference = 03F731AF34EA45B0B57396CC /* Pods.xcconfig */;
			buildSettings = {
				GCC_PRECOMPILE_PREFIX_HEADER = YES;
				GCC_PREFIX_HEADER = "StoreWizDemo/StoreWizDemo-Prefix.pch";
				INFOPLIST_FILE = "StoreWizDemo/StoreWizDemo-Info.plist";
				PRODUCT_NAME = "$(TARGET_NAME)";
				WRAPPER_EXTENSION = app;
			};
			name = Release;
		};
/* End XCBuildConfiguration section */

/* Begin XCConfigurationList section */
		6140050C1648FC910035A21D /* Build configuration list for PBXProject "StoreWizDemo" */ = {
			isa = XCConfigurationList;
			buildConfigurations = (
				614005341648FC920035A21D /* Debug */,
				614005351648FC920035A21D /* Release */,
			);
			defaultConfigurationIsVisible = 0;
			defaultConfigurationName = Release;
		};
		614005361648FC920035A21D /* Build configuration list for PBXNativeTarget "StoreWizDemo" */ = {
			isa = XCConfigurationList;
			buildConfigurations = (
				614005371648FC920035A21D /* Debug */,
				614005381648FC920035A21D /* Release */,
			);
			defaultConfigurationIsVisible = 0;
			defaultConfigurationName = Release;
		};
/* End XCConfigurationList section */
	};
	rootObject = 614005091648FC910035A21D /* Project object */;
}
